
Microsoft Visual Studio Solution File, Format Version 12.00
# Visual Studio Version 16
VisualStudioVersion = 16.0.30804.86
MinimumVisualStudioVersion = 10.0.40219.1
Project("{FAE04EC0-301F-11D3-BF4B-00C04F79EFBC}") = "PedraPapelTesoura", "PedraPapelTesoura\PedraPapelTesoura.csproj", "{226714AD-922B-4AC6-9E40-D51D470C9070}"
EndProject
Global
	GlobalSection(SolutionConfigurationPlatforms) = preSolution
		Debug|Any CPU = Debug|Any CPU
		Release|Any CPU = Release|Any CPU
	EndGlobalSection
	GlobalSection(ProjectConfigurationPlatforms) = postSolution
		{226714AD-922B-4AC6-9E40-D51D470C9070}.Debug|Any CPU.ActiveCfg = Debug|Any CPU
		{226714AD-922B-4AC6-9E40-D51D470C9070}.Debug|Any CPU.Build.0 = Debug|Any CPU
		{226714AD-922B-4AC6-9E40-D51D470C9070}.Release|Any CPU.ActiveCfg = Release|Any CPU
		{226714AD-922B-4AC6-9E40-D51D470C9070}.Release|Any CPU.Build.0 = Release|Any CPU
	EndGlobalSection
	GlobalSection(SolutionProperties) = preSolution
		HideSolutionNode = FALSE
	EndGlobalSection
	GlobalSection(ExtensibilityGlobals) = postSolution
		SolutionGuid = {C2BE8178-0EFE-451D-8CEB-9D9F5AAE7FFB}
	EndGlobalSection
EndGlobal
